
Microsoft Visual Studio Solution File, Format Version 12.00
# Visual Studio 15
VisualStudioVersion = 15.0.28307.1684
MinimumVisualStudioVersion = 10.0.40219.1
Project("{FAE04EC0-301F-11D3-BF4B-00C04F79EFBC}") = "CounterLib", "CounterLib\CounterLib.csproj", "{17DA4FB7-0A08-46B6-B004-BB5FF41D6FA0}"
EndProject
Project("{FAE04EC0-301F-11D3-BF4B-00C04F79EFBC}") = "ClientWpfUI", "ClientWpfUI\ClientWpfUI.csproj", "{91019A2E-38FC-41A5-88B9-B7A229536534}"
EndProject
Project("{FAE04EC0-301F-11D3-BF4B-00C04F79EFBC}") = "ServerConsoleIU", "ServerConsoleIU\ServerConsoleIU.csproj", "{F62EA6E4-C450-46BC-A86B-0C579656B2BF}"
EndProject
Global
	GlobalSection(SolutionConfigurationPlatforms) = preSolution
		Debug|Any CPU = Debug|Any CPU
		Release|Any CPU = Release|Any CPU
	EndGlobalSection
	GlobalSection(ProjectConfigurationPlatforms) = postSolution
		{17DA4FB7-0A08-46B6-B004-BB5FF41D6FA0}.Debug|Any CPU.ActiveCfg = Debug|Any CPU
		{17DA4FB7-0A08-46B6-B004-BB5FF41D6FA0}.Debug|Any CPU.Build.0 = Debug|Any CPU
		{17DA4FB7-0A08-46B6-B004-BB5FF41D6FA0}.Release|Any CPU.ActiveCfg = Release|Any CPU
		{17DA4FB7-0A08-46B6-B004-BB5FF41D6FA0}.Release|Any CPU.Build.0 = Release|Any CPU
		{91019A2E-38FC-41A5-88B9-B7A229536534}.Debug|Any CPU.ActiveCfg = Debug|Any CPU
		{91019A2E-38FC-41A5-88B9-B7A229536534}.Debug|Any CPU.Build.0 = Debug|Any CPU
		{91019A2E-38FC-41A5-88B9-B7A229536534}.Release|Any CPU.ActiveCfg = Release|Any CPU
		{91019A2E-38FC-41A5-88B9-B7A229536534}.Release|Any CPU.Build.0 = Release|Any CPU
		{F62EA6E4-C450-46BC-A86B-0C579656B2BF}.Debug|Any CPU.ActiveCfg = Debug|Any CPU
		{F62EA6E4-C450-46BC-A86B-0C579656B2BF}.Debug|Any CPU.Build.0 = Debug|Any CPU
		{F62EA6E4-C450-46BC-A86B-0C579656B2BF}.Release|Any CPU.ActiveCfg = Release|Any CPU
		{F62EA6E4-C450-46BC-A86B-0C579656B2BF}.Release|Any CPU.Build.0 = Release|Any CPU
	EndGlobalSection
	GlobalSection(SolutionProperties) = preSolution
		HideSolutionNode = FALSE
	EndGlobalSection
	GlobalSection(ExtensibilityGlobals) = postSolution
		SolutionGuid = {5A4C9751-5811-401D-B163-785EEA88FE98}
	EndGlobalSection
EndGlobal
